
Microsoft Visual Studio Solution File, Format Version 12.00
# Visual Studio 15
VisualStudioVersion = 15.0.26730.8
MinimumVisualStudioVersion = 10.0.40219.1
Project("{E24C65DC-7377-472B-9ABA-BC803B73C61A}") = "BSES Mobi Service - 03122021_215_New_NAS Change", ".", "{935ED561-9DA5-4664-87C4-E1E93D92528E}"
	ProjectSection(WebsiteProperties) = preProject
		TargetFrameworkMoniker = ".NETFramework,Version%3Dv3.5"
		Debug.AspNetCompiler.VirtualPath = "/localhost_51979"
		Debug.AspNetCompiler.PhysicalPath = "..\BSES Mobi Service - 03122021_215_New_NAS Change\"
		Debug.AspNetCompiler.TargetPath = "PrecompiledWeb\localhost_51979\"
		Debug.AspNetCompiler.Updateable = "true"
		Debug.AspNetCompiler.ForceOverwrite = "true"
		Debug.AspNetCompiler.FixedNames = "false"
		Debug.AspNetCompiler.Debug = "True"
		Release.AspNetCompiler.VirtualPath = "/localhost_51979"
		Release.AspNetCompiler.PhysicalPath = "..\BSES Mobi Service - 03122021_215_New_NAS Change\"
		Release.AspNetCompiler.TargetPath = "PrecompiledWeb\localhost_51979\"
		Release.AspNetCompiler.Updateable = "true"
		Release.AspNetCompiler.ForceOverwrite = "true"
		Release.AspNetCompiler.FixedNames = "false"
		Release.AspNetCompiler.Debug = "False"
		VWDPort = "51979"
		SlnRelativePath = "..\BSES Mobi Service - 03122021_215_New_NAS Change\"
	EndProjectSection
EndProject
Global
	GlobalSection(SolutionConfigurationPlatforms) = preSolution
		Debug|Any CPU = Debug|Any CPU
	EndGlobalSection
	GlobalSection(ProjectConfigurationPlatforms) = postSolution
		{935ED561-9DA5-4664-87C4-E1E93D92528E}.Debug|Any CPU.ActiveCfg = Debug|Any CPU
		{935ED561-9DA5-4664-87C4-E1E93D92528E}.Debug|Any CPU.Build.0 = Debug|Any CPU
	EndGlobalSection
	GlobalSection(SolutionProperties) = preSolution
		HideSolutionNode = FALSE
	EndGlobalSection
	GlobalSection(ExtensibilityGlobals) = postSolution
		SolutionGuid = {23B7CA7F-5388-4A9D-B865-26611C88B9D1}
	EndGlobalSection
EndGlobal
