
Microsoft Visual Studio Solution File, Format Version 12.00
# Visual Studio 15
VisualStudioVersion = 15.0.28307.757
MinimumVisualStudioVersion = 10.0.40219.1
Project("{FAE04EC0-301F-11D3-BF4B-00C04F79EFBC}") = "Recovery_Webservice", "Recovery_Webservice\Recovery_Webservice.csproj", "{AD9907C9-7241-485C-A5C9-D6BBC3CE062E}"
EndProject
Global
	GlobalSection(SolutionConfigurationPlatforms) = preSolution
		Debug|Any CPU = Debug|Any CPU
		Release|Any CPU = Release|Any CPU
	EndGlobalSection
	GlobalSection(ProjectConfigurationPlatforms) = postSolution
		{AD9907C9-7241-485C-A5C9-D6BBC3CE062E}.Debug|Any CPU.ActiveCfg = Debug|Any CPU
		{AD9907C9-7241-485C-A5C9-D6BBC3CE062E}.Debug|Any CPU.Build.0 = Debug|Any CPU
		{AD9907C9-7241-485C-A5C9-D6BBC3CE062E}.Release|Any CPU.ActiveCfg = Release|Any CPU
		{AD9907C9-7241-485C-A5C9-D6BBC3CE062E}.Release|Any CPU.Build.0 = Release|Any CPU
	EndGlobalSection
	GlobalSection(SolutionProperties) = preSolution
		HideSolutionNode = FALSE
	EndGlobalSection
	GlobalSection(ExtensibilityGlobals) = postSolution
		SolutionGuid = {4913655A-90FC-4C69-B05A-0C16F4F513E7}
	EndGlobalSection
EndGlobal
